
Microsoft Visual Studio Solution File, Format Version 12.00
# Visual Studio 15
VisualStudioVersion = 15.0.28307.271
MinimumVisualStudioVersion = 10.0.40219.1
Project("{FAE04EC0-301F-11D3-BF4B-00C04F79EFBC}") = "assignment-comp2084", "assignment-comp2084\assignment-comp2084.csproj", "{7616F89B-CEB9-41AD-B7EC-84CEB3AE0B4A}"
EndProject
Project("{FAE04EC0-301F-11D3-BF4B-00C04F79EFBC}") = "assignment-comp2084.Tests", "assignment-comp2084.Tests\assignment-comp2084.Tests.csproj", "{200E525B-DC6F-4213-A160-25EA62346D2D}"
EndProject
Global
	GlobalSection(SolutionConfigurationPlatforms) = preSolution
		Debug|Any CPU = Debug|Any CPU
		Release|Any CPU = Release|Any CPU
	EndGlobalSection
	GlobalSection(ProjectConfigurationPlatforms) = postSolution
		{7616F89B-CEB9-41AD-B7EC-84CEB3AE0B4A}.Debug|Any CPU.ActiveCfg = Debug|Any CPU
		{7616F89B-CEB9-41AD-B7EC-84CEB3AE0B4A}.Debug|Any CPU.Build.0 = Debug|Any CPU
		{7616F89B-CEB9-41AD-B7EC-84CEB3AE0B4A}.Release|Any CPU.ActiveCfg = Release|Any CPU
		{7616F89B-CEB9-41AD-B7EC-84CEB3AE0B4A}.Release|Any CPU.Build.0 = Release|Any CPU
		{200E525B-DC6F-4213-A160-25EA62346D2D}.Debug|Any CPU.ActiveCfg = Debug|Any CPU
		{200E525B-DC6F-4213-A160-25EA62346D2D}.Debug|Any CPU.Build.0 = Debug|Any CPU
		{200E525B-DC6F-4213-A160-25EA62346D2D}.Release|Any CPU.ActiveCfg = Release|Any CPU
		{200E525B-DC6F-4213-A160-25EA62346D2D}.Release|Any CPU.Build.0 = Release|Any CPU
	EndGlobalSection
	GlobalSection(SolutionProperties) = preSolution
		HideSolutionNode = FALSE
	EndGlobalSection
	GlobalSection(ExtensibilityGlobals) = postSolution
		SolutionGuid = {24B34969-B2AA-4EF9-AC69-3727B5828EE6}
	EndGlobalSection
EndGlobal
